
Microsoft Visual Studio Solution File, Format Version 12.00
# Visual Studio Version 16
VisualStudioVersion = 16.0.29215.179
MinimumVisualStudioVersion = 10.0.40219.1
Project("{FAE04EC0-301F-11D3-BF4B-00C04F79EFBC}") = "EmployeeData", "EmployeeData\EmployeeData.csproj", "{C0DB45AA-35F3-4DC7-91EA-82BB652D6A2D}"
EndProject
Global
	GlobalSection(SolutionConfigurationPlatforms) = preSolution
		Debug|Any CPU = Debug|Any CPU
		Release|Any CPU = Release|Any CPU
	EndGlobalSection
	GlobalSection(ProjectConfigurationPlatforms) = postSolution
		{C0DB45AA-35F3-4DC7-91EA-82BB652D6A2D}.Debug|Any CPU.ActiveCfg = Debug|Any CPU
		{C0DB45AA-35F3-4DC7-91EA-82BB652D6A2D}.Debug|Any CPU.Build.0 = Debug|Any CPU
		{C0DB45AA-35F3-4DC7-91EA-82BB652D6A2D}.Release|Any CPU.ActiveCfg = Release|Any CPU
		{C0DB45AA-35F3-4DC7-91EA-82BB652D6A2D}.Release|Any CPU.Build.0 = Release|Any CPU
	EndGlobalSection
	GlobalSection(SolutionProperties) = preSolution
		HideSolutionNode = FALSE
	EndGlobalSection
	GlobalSection(ExtensibilityGlobals) = postSolution
		SolutionGuid = {B6A95829-4245-4966-B782-7A80FD1AC453}
	EndGlobalSection
EndGlobal
